
Microsoft Visual Studio Solution File, Format Version 12.00
# Visual Studio Version 17
VisualStudioVersion = 17.9.34622.214
MinimumVisualStudioVersion = 10.0.40219.1
Project("{FAE04EC0-301F-11D3-BF4B-00C04F79EFBC}") = "LAB1", "LAB1\LAB1.csproj", "{7E5E9A7B-CA15-4FA8-9F6F-3734EAD4C08B}"
EndProject
Global
	GlobalSection(SolutionConfigurationPlatforms) = preSolution
		Debug|Any CPU = Debug|Any CPU
		Release|Any CPU = Release|Any CPU
	EndGlobalSection
	GlobalSection(ProjectConfigurationPlatforms) = postSolution
		{7E5E9A7B-CA15-4FA8-9F6F-3734EAD4C08B}.Debug|Any CPU.ActiveCfg = Debug|Any CPU
		{7E5E9A7B-CA15-4FA8-9F6F-3734EAD4C08B}.Debug|Any CPU.Build.0 = Debug|Any CPU
		{7E5E9A7B-CA15-4FA8-9F6F-3734EAD4C08B}.Release|Any CPU.ActiveCfg = Release|Any CPU
		{7E5E9A7B-CA15-4FA8-9F6F-3734EAD4C08B}.Release|Any CPU.Build.0 = Release|Any CPU
	EndGlobalSection
	GlobalSection(SolutionProperties) = preSolution
		HideSolutionNode = FALSE
	EndGlobalSection
	GlobalSection(ExtensibilityGlobals) = postSolution
		SolutionGuid = {63DD25C7-03DD-4EBA-9854-BEE65C4A362D}
	EndGlobalSection
EndGlobal
